
Microsoft Visual Studio Solution File, Format Version 12.00
# Visual Studio Version 16
VisualStudioVersion = 16.0.29920.165
MinimumVisualStudioVersion = 10.0.40219.1
Project("{FAE04EC0-301F-11D3-BF4B-00C04F79EFBC}") = "LabRab9", "LabRab9.csproj", "{8AC39140-11E5-4EB2-96D2-1C077C2F3031}"
EndProject
Global
	GlobalSection(SolutionConfigurationPlatforms) = preSolution
		Debug|Any CPU = Debug|Any CPU
		Release|Any CPU = Release|Any CPU
	EndGlobalSection
	GlobalSection(ProjectConfigurationPlatforms) = postSolution
		{8AC39140-11E5-4EB2-96D2-1C077C2F3031}.Debug|Any CPU.ActiveCfg = Debug|Any CPU
		{8AC39140-11E5-4EB2-96D2-1C077C2F3031}.Debug|Any CPU.Build.0 = Debug|Any CPU
		{8AC39140-11E5-4EB2-96D2-1C077C2F3031}.Release|Any CPU.ActiveCfg = Release|Any CPU
		{8AC39140-11E5-4EB2-96D2-1C077C2F3031}.Release|Any CPU.Build.0 = Release|Any CPU
	EndGlobalSection
	GlobalSection(SolutionProperties) = preSolution
		HideSolutionNode = FALSE
	EndGlobalSection
	GlobalSection(ExtensibilityGlobals) = postSolution
		SolutionGuid = {272DC86B-267A-4F14-830D-A33E8138AED6}
	EndGlobalSection
EndGlobal
